<?xml version="1.0" encoding="utf-8"?>
<Project ToolsVersion="4.0" xmlns="http://schemas.microsoft.com/developer/msbuild/2003">
  <ItemGroup>
    <Filter Include="Source Files">
      <UniqueIdentifier>{4FC737F1-C7A5-4376-A066-2A32D752A2FF}</UniqueIdentifier>
      <Extensions>cpp;c;cc;cxx;def;odl;idl;hpj;bat;asm;asmx</Extensions>
    </Filter>
    <Filter Include="Header Files">
      <UniqueIdentifier>{93995380-89BD-4b04-88EB-625FBE52EBFB}</UniqueIdentifier>
      <Extensions>h;hh;hpp;hxx;hm;inl;inc;xsd</Extensions>
    </Filter>
    <Filter Include="Resource Files">
      <UniqueIdentifier>{67DA6AB6-F800-4c08-8B7A-83BB121AAD01}</UniqueIdentifier>
      <Extensions>rc;ico;cur;bmp;dlg;rc2;rct;bin;rgs;gif;jpg;jpeg;jpe;resx;tiff;tif;png;wav</Extensions>
    </Filter>
    <Filter Include="Header Files\Interfaces">
      <UniqueIdentifier>{d4f42b31-1cce-4151-b430-9a4c89c9bd41}</UniqueIdentifier>
    </Filter>
    <Filter Include="Header Files\Impl">
      <UniqueIdentifier>{4ccc586d-40d0-45fa-b884-16cd19fabdb9}</UniqueIdentifier>
    </Filter>
    <Filter Include="Header Files\Impl\Images">
      <UniqueIdentifier>{43fba088-76d6-40c3-85f2-e7f2bd85babe}</UniqueIdentifier>
    </Filter>
    <Filter Include="Header Files\Impl\Encoders">
      <UniqueIdentifier>{0dc50bb1-e547-4a50-b7ad-89ffe49c6679}</UniqueIdentifier>
    </Filter>
  </ItemGroup>
  <ItemGroup>
    <ClCompile Include="main.cpp">
      <Filter>Source Files</Filter>
    </ClCompile>
    <ClCompile Include="directory\DirectoryHandler.cpp">
      <Filter>Source Files</Filter>
    </ClCompile>
    <ClCompile Include="directory\Directory_Impl.cpp">
      <Filter>Source Files</Filter>
    </ClCompile>
    <ClCompile Include="encoders\h256Encoder.cpp">
      <Filter>Source Files</Filter>
    </ClCompile>
    <ClCompile Include="file\FileHandler.cpp">
      <Filter>Source Files</Filter>
    </ClCompile>
    <ClCompile Include="file\File_Impl.cpp">
      <Filter>Source Files</Filter>
    </ClCompile>
    <ClCompile Include="mainf\App_Impl.cpp">
      <Filter>Source Files</Filter>
    </ClCompile>
    <ClCompile Include="FileChunkDispencer.cpp">
      <Filter>Source Files</Filter>
    </ClCompile>
    <ClCompile Include="FileDispencer.cpp">
      <Filter>Source Files</Filter>
    </ClCompile>
    <ClCompile Include="ExtractionContext.cpp">
      <Filter>Source Files</Filter>
    </ClCompile>
    <ClCompile Include="BufferHandler.cpp">
      <Filter>Source Files</Filter>
    </ClCompile>
    <ClCompile Include="Images.cpp">
      <Filter>Source Files</Filter>
    </ClCompile>
  </ItemGroup>
  <ItemGroup>
    <ClInclude Include="directory\DirectoryHandler.h">
      <Filter>Header Files</Filter>
    </ClInclude>
    <ClInclude Include="file\FileHandler.h">
      <Filter>Header Files</Filter>
    </ClInclude>
    <ClInclude Include="pixelextractor\PixelExtractor.h">
      <Filter>Header Files</Filter>
    </ClInclude>
    <ClInclude Include="ByteAssemble.h">
      <Filter>Header Files</Filter>
    </ClInclude>
    <ClInclude Include="FileChunkDispencer.h">
      <Filter>Header Files</Filter>
    </ClInclude>
    <ClInclude Include="FileDispencer.h">
      <Filter>Header Files</Filter>
    </ClInclude>
    <ClInclude Include="ExtractionContext.h">
      <Filter>Header Files</Filter>
    </ClInclude>
    <ClInclude Include="encoders\IVideoEncoder.h">
      <Filter>Header Files\Interfaces</Filter>
    </ClInclude>
    <ClInclude Include="rawimage\IRawImageConverter.h">
      <Filter>Header Files\Interfaces</Filter>
    </ClInclude>
    <ClInclude Include="images\IImage.h">
      <Filter>Header Files\Interfaces</Filter>
    </ClInclude>
    <ClInclude Include="file\IFile.h">
      <Filter>Header Files\Interfaces</Filter>
    </ClInclude>
    <ClInclude Include="directory\IDirectory.h">
      <Filter>Header Files\Interfaces</Filter>
    </ClInclude>
    <ClInclude Include="mainf\IApp.h">
      <Filter>Header Files\Interfaces</Filter>
    </ClInclude>
    <ClInclude Include="rawimage\RawToPngConverter_Impl.h">
      <Filter>Header Files\Impl</Filter>
    </ClInclude>
    <ClInclude Include="file\File_Impl.h">
      <Filter>Header Files\Impl</Filter>
    </ClInclude>
    <ClInclude Include="directory\Directory_Impl.h">
      <Filter>Header Files\Impl</Filter>
    </ClInclude>
    <ClInclude Include="mainf\App_Impl.h">
      <Filter>Header Files\Impl</Filter>
    </ClInclude>
    <ClInclude Include="Encoders\h256_Impl.h">
      <Filter>Header Files\Impl\Encoders</Filter>
    </ClInclude>
    <ClInclude Include="rawimage\RawImage.h">
      <Filter>Header Files</Filter>
    </ClInclude>
    <ClInclude Include="BufferHandler.h">
      <Filter>Header Files</Filter>
    </ClInclude>
    <ClInclude Include="Images.h">
      <Filter>Header Files\Impl\Images</Filter>
    </ClInclude>
    <ClInclude Include="Vectors\Vectors.h">
      <Filter>Header Files</Filter>
    </ClInclude>
    <ClInclude Include="Pixels.h">
      <Filter>Header Files</Filter>
    </ClInclude>
  </ItemGroup>
</Project>